
Microsoft Visual Studio Solution File, Format Version 12.00
# Visual Studio Version 17
VisualStudioVersion = 17.13.35931.197 d17.13
MinimumVisualStudioVersion = 10.0.40219.1
Project("{FAE04EC0-301F-11D3-BF4B-00C04F79EFBC}") = "IDF Operation – First Strike", "IDF Operation – First Strike\IDF Operation – First Strike.csproj", "{F7BDD7B9-02C1-440A-A7AB-98EE1DA7FC98}"
EndProject
Global
	GlobalSection(SolutionConfigurationPlatforms) = preSolution
		Debug|Any CPU = Debug|Any CPU
		Release|Any CPU = Release|Any CPU
	EndGlobalSection
	GlobalSection(ProjectConfigurationPlatforms) = postSolution
		{F7BDD7B9-02C1-440A-A7AB-98EE1DA7FC98}.Debug|Any CPU.ActiveCfg = Debug|Any CPU
		{F7BDD7B9-02C1-440A-A7AB-98EE1DA7FC98}.Debug|Any CPU.Build.0 = Debug|Any CPU
		{F7BDD7B9-02C1-440A-A7AB-98EE1DA7FC98}.Release|Any CPU.ActiveCfg = Release|Any CPU
		{F7BDD7B9-02C1-440A-A7AB-98EE1DA7FC98}.Release|Any CPU.Build.0 = Release|Any CPU
	EndGlobalSection
	GlobalSection(SolutionProperties) = preSolution
		HideSolutionNode = FALSE
	EndGlobalSection
	GlobalSection(ExtensibilityGlobals) = postSolution
		SolutionGuid = {BB06B1B3-12FE-4152-AC35-2109FA2F5F5B}
	EndGlobalSection
EndGlobal
